github.com/xinix00/hoplock v0.4.0 h1:/XIiy8W5ZYP1FAyT99urG89JMkxuSwcRcsJrGPOse5s=
github.com/xinix00/hoplock v0.4.0/go.mod h1:3tmstOm6OzxlwlsQtZ+43GiGFnYFV3qwGNLS1dBN9us=
github.com/xinix00/hoplockserver v0.2.0 h1:VMvSoHkNbSmN7HmfN2TP8LX2j7ets8Z+LakSCEg5DbQ=
github.com/xinix00/hoplockserver v0.2.0/go.mod h1:OwvvFb7ezPb5iNdsojr+cBvx9YzuPIHko8AUIP+OQpM=
github.com/xinix00/lean v0.5.0 h1:ke549AM2zcIdufbWOEhK/HStNMqHkv6K/UTc9EWwoOI=
github.com/xinix00/lean v0.5.0/go.mod h1:gRIa2nL/SIEsi1L/eq9EUqrKQ+jnjxUGb3IAsuVQX7U=
