github.com/xinix00/hoplock v0.4.1 h1:y33/9g8f26S85OuwRudjgNgstuy+N+7ocL1FqtdKJI4=
github.com/xinix00/hoplock v0.4.1/go.mod h1:0duoz1FtShLgwVffM11uWKUF4D3r7R7FdAWkMzjwSiw=
github.com/xinix00/hoplockserver v0.2.1 h1:vLgv+iuuExaKgb90uwxMLavRMrlXRqLerihgFCv9pzY=
github.com/xinix00/hoplockserver v0.2.1/go.mod h1:HPVrFPGljcbxqIV8sIsa1W67hLI5vC7yG+z8W1k0nLg=
github.com/xinix00/lean v0.99.0 h1:gMptiTTkVGDlCEQfVT0WstW9PEV35mamEY8GZpa0zYc=
github.com/xinix00/lean v0.99.0/go.mod h1:gRIa2nL/SIEsi1L/eq9EUqrKQ+jnjxUGb3IAsuVQX7U=
